
Microsoft Visual Studio Solution File, Format Version 12.00
# Visual Studio Version 16
VisualStudioVersion = 16.0.29911.84
MinimumVisualStudioVersion = 10.0.40219.1
Project("{9A19103F-16F7-4668-BE54-9A1E7A4F7556}") = "ungdomsbolig", "ungdomsbolig\ungdomsbolig.csproj", "{5F82778C-6009-4BF5-AEB4-7E2A62939A17}"
EndProject
Project("{9A19103F-16F7-4668-BE54-9A1E7A4F7556}") = "ungdomsbolig.WPF", "ungdomsbolig.WPF\ungdomsbolig.WPF.csproj", "{3729D018-292A-4E1F-BD1F-1EBA4EA555E2}"
EndProject
Project("{FAE04EC0-301F-11D3-BF4B-00C04F79EFBC}") = "ungdomsbolig.Shared", "ungdomsbolig.Shared\ungdomsbolig.Shared.csproj", "{B243D52D-3623-441A-A1A1-2131CD8D9905}"
EndProject
Global
	GlobalSection(SolutionConfigurationPlatforms) = preSolution
		Debug|Any CPU = Debug|Any CPU
		Release|Any CPU = Release|Any CPU
	EndGlobalSection
	GlobalSection(ProjectConfigurationPlatforms) = postSolution
		{5F82778C-6009-4BF5-AEB4-7E2A62939A17}.Debug|Any CPU.ActiveCfg = Debug|Any CPU
		{5F82778C-6009-4BF5-AEB4-7E2A62939A17}.Debug|Any CPU.Build.0 = Debug|Any CPU
		{5F82778C-6009-4BF5-AEB4-7E2A62939A17}.Release|Any CPU.ActiveCfg = Release|Any CPU
		{5F82778C-6009-4BF5-AEB4-7E2A62939A17}.Release|Any CPU.Build.0 = Release|Any CPU
		{3729D018-292A-4E1F-BD1F-1EBA4EA555E2}.Debug|Any CPU.ActiveCfg = Debug|Any CPU
		{3729D018-292A-4E1F-BD1F-1EBA4EA555E2}.Debug|Any CPU.Build.0 = Debug|Any CPU
		{3729D018-292A-4E1F-BD1F-1EBA4EA555E2}.Release|Any CPU.ActiveCfg = Release|Any CPU
		{3729D018-292A-4E1F-BD1F-1EBA4EA555E2}.Release|Any CPU.Build.0 = Release|Any CPU
		{B243D52D-3623-441A-A1A1-2131CD8D9905}.Debug|Any CPU.ActiveCfg = Debug|Any CPU
		{B243D52D-3623-441A-A1A1-2131CD8D9905}.Debug|Any CPU.Build.0 = Debug|Any CPU
		{B243D52D-3623-441A-A1A1-2131CD8D9905}.Release|Any CPU.ActiveCfg = Release|Any CPU
		{B243D52D-3623-441A-A1A1-2131CD8D9905}.Release|Any CPU.Build.0 = Release|Any CPU
	EndGlobalSection
	GlobalSection(SolutionProperties) = preSolution
		HideSolutionNode = FALSE
	EndGlobalSection
	GlobalSection(ExtensibilityGlobals) = postSolution
		SolutionGuid = {2AB79ED2-43D1-457F-AFB9-F3111AC9E637}
	EndGlobalSection
EndGlobal
